
Microsoft Visual Studio Solution File, Format Version 12.00
# Visual Studio Version 17
VisualStudioVersion = 17.6.33829.357
MinimumVisualStudioVersion = 10.0.40219.1
Project("{FAE04EC0-301F-11D3-BF4B-00C04F79EFBC}") = "ClassTutorial", "ClassTutorial.csproj", "{9A4D8A50-1610-4103-B85F-A2EC18CA366F}"
EndProject
Global
	GlobalSection(SolutionConfigurationPlatforms) = preSolution
		Debug|Any CPU = Debug|Any CPU
		Release|Any CPU = Release|Any CPU
	EndGlobalSection
	GlobalSection(ProjectConfigurationPlatforms) = postSolution
		{9A4D8A50-1610-4103-B85F-A2EC18CA366F}.Debug|Any CPU.ActiveCfg = Debug|Any CPU
		{9A4D8A50-1610-4103-B85F-A2EC18CA366F}.Debug|Any CPU.Build.0 = Debug|Any CPU
		{9A4D8A50-1610-4103-B85F-A2EC18CA366F}.Release|Any CPU.ActiveCfg = Release|Any CPU
		{9A4D8A50-1610-4103-B85F-A2EC18CA366F}.Release|Any CPU.Build.0 = Release|Any CPU
	EndGlobalSection
	GlobalSection(SolutionProperties) = preSolution
		HideSolutionNode = FALSE
	EndGlobalSection
	GlobalSection(ExtensibilityGlobals) = postSolution
		SolutionGuid = {F42D425E-67FD-4208-9272-CD0F08D5F791}
	EndGlobalSection
EndGlobal
